
Microsoft Visual Studio Solution File, Format Version 12.00
# Visual Studio Version 17
VisualStudioVersion = 17.13.35931.197 d17.13
MinimumVisualStudioVersion = 10.0.40219.1
Project("{FAE04EC0-301F-11D3-BF4B-00C04F79EFBC}") = "SwaggerTest", "SwaggerTest.csproj", "{DFB6B0F5-943F-13B0-48ED-9CEA5309A0A6}"
EndProject
Global
	GlobalSection(SolutionConfigurationPlatforms) = preSolution
		Debug|Any CPU = Debug|Any CPU
		Release|Any CPU = Release|Any CPU
	EndGlobalSection
	GlobalSection(ProjectConfigurationPlatforms) = postSolution
		{DFB6B0F5-943F-13B0-48ED-9CEA5309A0A6}.Debug|Any CPU.ActiveCfg = Debug|Any CPU
		{DFB6B0F5-943F-13B0-48ED-9CEA5309A0A6}.Debug|Any CPU.Build.0 = Debug|Any CPU
		{DFB6B0F5-943F-13B0-48ED-9CEA5309A0A6}.Release|Any CPU.ActiveCfg = Release|Any CPU
		{DFB6B0F5-943F-13B0-48ED-9CEA5309A0A6}.Release|Any CPU.Build.0 = Release|Any CPU
	EndGlobalSection
	GlobalSection(SolutionProperties) = preSolution
		HideSolutionNode = FALSE
	EndGlobalSection
	GlobalSection(ExtensibilityGlobals) = postSolution
		SolutionGuid = {F9635F4F-9AB3-4D80-8839-7A29C61DC9F0}
	EndGlobalSection
EndGlobal
