Microsoft Visual Studio Solution File, Format Version 12.00
# Visual Studio Version 17
VisualStudioVersion = 17.5.2.0
MinimumVisualStudioVersion = 10.0.40219.1
Project("{FAE04EC0-301F-11D3-BF4B-00C04F79EFBC}") = "SwaggerTest", "SwaggerTest.csproj", "{DFB6B0F5-943F-13B0-48ED-9CEA5309A0A6}"
EndProject
Global
	GlobalSection(SolutionConfigurationPlatforms) = preSolution
		Debug|Any CPU = Debug|Any CPU
		Release|Any CPU = Release|Any CPU
	EndGlobalSection
	GlobalSection(ProjectConfigurationPlatforms) = postSolution
		{DFB6B0F5-943F-13B0-48ED-9CEA5309A0A6}.Debug|Any CPU.ActiveCfg = Debug|Any CPU
		{DFB6B0F5-943F-13B0-48ED-9CEA5309A0A6}.Debug|Any CPU.Build.0 = Debug|Any CPU
		{DFB6B0F5-943F-13B0-48ED-9CEA5309A0A6}.Release|Any CPU.ActiveCfg = Release|Any CPU
		{DFB6B0F5-943F-13B0-48ED-9CEA5309A0A6}.Release|Any CPU.Build.0 = Release|Any CPU
	EndGlobalSection
	GlobalSection(SolutionProperties) = preSolution
		HideSolutionNode = FALSE
	EndGlobalSection
	GlobalSection(ExtensibilityGlobals) = postSolution
		SolutionGuid = {4F9BF958-8B79-4D99-9A0C-C3EDF2F1789C}
	EndGlobalSection
EndGlobal
